<?xml version="1.0" encoding="utf-8"?>
<Project ToolsVersion="4.0" xmlns="http://schemas.microsoft.com/developer/msbuild/2003">
  <ItemGroup>
    <Filter Include="Source Files">
      <UniqueIdentifier>{caaca8d1-d676-4c47-9672-fa074299e0cd}</UniqueIdentifier>
      <Extensions>cpp;c;cxx;rc;def;r;odl;idl;hpj;bat</Extensions>
    </Filter>
    <Filter Include="Header Files">
      <UniqueIdentifier>{30f654ce-17c3-44f5-b8fe-688fc88c0df7}</UniqueIdentifier>
      <Extensions>h;hpp;hxx;hm;inl</Extensions>
    </Filter>
    <Filter Include="Resource Files">
      <UniqueIdentifier>{187f9db2-3785-4256-9fa9-4268328c3762}</UniqueIdentifier>
      <Extensions>ico;cur;bmp;dlg;rc2;rct;bin;rgs;gif;jpg;jpeg;jpe</Extensions>
    </Filter>
  </ItemGroup>
  <ItemGroup>
    <ClCompile Include="ApiHook.cpp">
      <Filter>Source Files</Filter>
    </ClCompile>
    <ClCompile Include="HookTool.cpp">
      <Filter>Source Files</Filter>
    </ClCompile>
    <ClCompile Include="..\Common\IniFile.cpp">
      <Filter>Source Files</Filter>
    </ClCompile>
    <ClCompile Include="Injector.cpp">
      <Filter>Source Files</Filter>
    </ClCompile>
    <ClCompile Include="..\Common\LockMgr.cpp">
      <Filter>Source Files</Filter>
    </ClCompile>
    <ClCompile Include="..\Common\ModuleInstance.cpp">
      <Filter>Source Files</Filter>
    </ClCompile>
    <ClCompile Include="ModuleScope.cpp">
      <Filter>Source Files</Filter>
    </ClCompile>
    <ClCompile Include="NtDriverController.cpp">
      <Filter>Source Files</Filter>
    </ClCompile>
    <ClCompile Include="NtInjectorThread.cpp">
      <Filter>Source Files</Filter>
    </ClCompile>
    <ClCompile Include="NtProcessMonitor.cpp">
      <Filter>Source Files</Filter>
    </ClCompile>
  </ItemGroup>
  <ItemGroup>
    <ClInclude Include="ApiHook.h">
      <Filter>Header Files</Filter>
    </ClInclude>
    <ClInclude Include="..\Common\Common.h">
      <Filter>Header Files</Filter>
    </ClInclude>
    <ClInclude Include="..\Common\CustomMessages.h">
      <Filter>Header Files</Filter>
    </ClInclude>
    <ClInclude Include="..\Common\IniFile.h">
      <Filter>Header Files</Filter>
    </ClInclude>
    <ClInclude Include="Injector.h">
      <Filter>Header Files</Filter>
    </ClInclude>
    <ClInclude Include="Interlocked.h">
      <Filter>Header Files</Filter>
    </ClInclude>
    <ClInclude Include="..\Common\LockMgr.h">
      <Filter>Header Files</Filter>
    </ClInclude>
    <ClInclude Include="..\Common\LogFile.h">
      <Filter>Header Files</Filter>
    </ClInclude>
    <ClInclude Include="..\Common\ModuleInstance.h">
      <Filter>Header Files</Filter>
    </ClInclude>
    <ClInclude Include="ModuleScope.h">
      <Filter>Header Files</Filter>
    </ClInclude>
    <ClInclude Include="NtDriverController.h">
      <Filter>Header Files</Filter>
    </ClInclude>
    <ClInclude Include="NtInjectorThread.h">
      <Filter>Header Files</Filter>
    </ClInclude>
    <ClInclude Include="NtProcessMonitor.h">
      <Filter>Header Files</Filter>
    </ClInclude>
    <ClInclude Include="..\Common\SysUtils.h">
      <Filter>Header Files</Filter>
    </ClInclude>
  </ItemGroup>
  <ItemGroup>
    <CustomBuild Include="HookTool.def">
      <Filter>Source Files</Filter>
    </CustomBuild>
  </ItemGroup>
</Project>